{
  "object": {
    "pins": [
      {
        "package": "AELog",
        "repositoryURL": "https://github.com/tadija/AELog.git",
        "state": {
          "branch": null,
          "revision": "0a8436d14828f7829244073bcd740b0a9bb727b5",
          "version": "0.6.1"
        }
      }
    ]
  },
  "version": 1
}
