// !$*UTF8*$!
{
	archiveVersion = 1;
	classes = {
	};
	objectVersion = 46;
	objects = {

/* Begin PBXBuildFile section */
		52F95064E71A4E05206A7036 /* Pods_AEConsoleDemo.framework in Frameworks */ = {isa = PBXBuildFile; fileRef = C4333162D2C1105BCDFBF8AE /* Pods_AEConsoleDemo.framework */; };
		8B01E9131CAF15230049F98E /* AppDelegate.swift in Sources */ = {isa = PBXBuildFile; fileRef = 8B01E9121CAF15230049F98E /* AppDelegate.swift */; };
		8B01E9151CAF15230049F98E /* ViewController.swift in Sources */ = {isa = PBXBuildFile; fileRef = 8B01E9141CAF15230049F98E /* ViewController.swift */; };
		8B01E9181CAF15230049F98E /* Main.storyboard in Resources */ = {isa = PBXBuildFile; fileRef = 8B01E9161CAF15230049F98E /* Main.storyboard */; };
		8B01E91A1CAF15230049F98E /* Assets.xcassets in Resources */ = {isa = PBXBuildFile; fileRef = 8B01E9191CAF15230049F98E /* Assets.xcassets */; };
		8B01E91D1CAF15230049F98E /* LaunchScreen.storyboard in Resources */ = {isa = PBXBuildFile; fileRef = 8B01E91B1CAF15230049F98E /* LaunchScreen.storyboard */; };
/* End PBXBuildFile section */

/* Begin PBXCopyFilesBuildPhase section */
		8B8D77741CAF21AF00171F92 /* Embed Frameworks */ = {
			isa = PBXCopyFilesBuildPhase;
			buildActionMask = 2147483647;
			dstPath = "";
			dstSubfolderSpec = 10;
			files = (
			);
			name = "Embed Frameworks";
			runOnlyForDeploymentPostprocessing = 0;
		};
/* End PBXCopyFilesBuildPhase section */

/* Begin PBXFileReference section */
		0EF645E27F411562D8753BDD /* Pods-AEConsoleDemo.release.xcconfig */ = {isa = PBXFileReference; includeInIndex = 1; lastKnownFileType = text.xcconfig; name = "Pods-AEConsoleDemo.release.xcconfig"; path = "Target Support Files/Pods-AEConsoleDemo/Pods-AEConsoleDemo.release.xcconfig"; sourceTree = "<group>"; };
		8B01E90F1CAF15230049F98E /* AEConsoleDemo.app */ = {isa = PBXFileReference; explicitFileType = wrapper.application; includeInIndex = 0; path = AEConsoleDemo.app; sourceTree = BUILT_PRODUCTS_DIR; };
		8B01E9121CAF15230049F98E /* AppDelegate.swift */ = {isa = PBXFileReference; lastKnownFileType = sourcecode.swift; path = AppDelegate.swift; sourceTree = "<group>"; };
		8B01E9141CAF15230049F98E /* ViewController.swift */ = {isa = PBXFileReference; lastKnownFileType = sourcecode.swift; path = ViewController.swift; sourceTree = "<group>"; };
		8B01E9171CAF15230049F98E /* Base */ = {isa = PBXFileReference; lastKnownFileType = file.storyboard; name = Base; path = Base.lproj/Main.storyboard; sourceTree = "<group>"; };
		8B01E9191CAF15230049F98E /* Assets.xcassets */ = {isa = PBXFileReference; lastKnownFileType = folder.assetcatalog; path = Assets.xcassets; sourceTree = "<group>"; };
		8B01E91C1CAF15230049F98E /* Base */ = {isa = PBXFileReference; lastKnownFileType = file.storyboard; name = Base; path = Base.lproj/LaunchScreen.storyboard; sourceTree = "<group>"; };
		8B01E91E1CAF15230049F98E /* Info.plist */ = {isa = PBXFileReference; lastKnownFileType = text.plist.xml; path = Info.plist; sourceTree = "<group>"; };
		B6021A50B5E8EEAD8DF06CA9 /* Pods-AEConsoleDemo.debug.xcconfig */ = {isa = PBXFileReference; includeInIndex = 1; lastKnownFileType = text.xcconfig; name = "Pods-AEConsoleDemo.debug.xcconfig"; path = "Target Support Files/Pods-AEConsoleDemo/Pods-AEConsoleDemo.debug.xcconfig"; sourceTree = "<group>"; };
		C4333162D2C1105BCDFBF8AE /* Pods_AEConsoleDemo.framework */ = {isa = PBXFileReference; explicitFileType = wrapper.framework; includeInIndex = 0; path = Pods_AEConsoleDemo.framework; sourceTree = BUILT_PRODUCTS_DIR; };
/* End PBXFileReference section */

/* Begin PBXFrameworksBuildPhase section */
		8B01E90C1CAF15230049F98E /* Frameworks */ = {
			isa = PBXFrameworksBuildPhase;
			buildActionMask = 2147483647;
			files = (
				52F95064E71A4E05206A7036 /* Pods_AEConsoleDemo.framework in Frameworks */,
			);
			runOnlyForDeploymentPostprocessing = 0;
		};
/* End PBXFrameworksBuildPhase section */

/* Begin PBXGroup section */
		8B01E9061CAF15230049F98E = {
			isa = PBXGroup;
			children = (
				8B01E9111CAF15230049F98E /* AEConsoleDemo */,
				8B01E9101CAF15230049F98E /* Products */,
				E836A293B1E5A04B3FFF3E80 /* Pods */,
				F84DC888AFB45191F83B86C1 /* Frameworks */,
			);
			sourceTree = "<group>";
		};
		8B01E9101CAF15230049F98E /* Products */ = {
			isa = PBXGroup;
			children = (
				8B01E90F1CAF15230049F98E /* AEConsoleDemo.app */,
			);
			name = Products;
			sourceTree = "<group>";
		};
		8B01E9111CAF15230049F98E /* AEConsoleDemo */ = {
			isa = PBXGroup;
			children = (
				8B01E9121CAF15230049F98E /* AppDelegate.swift */,
				8B01E9141CAF15230049F98E /* ViewController.swift */,
				8B01E9461CAF18030049F98E /* Supporting FIles */,
			);
			path = AEConsoleDemo;
			sourceTree = "<group>";
		};
		8B01E9461CAF18030049F98E /* Supporting FIles */ = {
			isa = PBXGroup;
			children = (
				8B01E9161CAF15230049F98E /* Main.storyboard */,
				8B01E9191CAF15230049F98E /* Assets.xcassets */,
				8B01E91B1CAF15230049F98E /* LaunchScreen.storyboard */,
				8B01E91E1CAF15230049F98E /* Info.plist */,
			);
			name = "Supporting FIles";
			sourceTree = "<group>";
		};
		E836A293B1E5A04B3FFF3E80 /* Pods */ = {
			isa = PBXGroup;
			children = (
				B6021A50B5E8EEAD8DF06CA9 /* Pods-AEConsoleDemo.debug.xcconfig */,
				0EF645E27F411562D8753BDD /* Pods-AEConsoleDemo.release.xcconfig */,
			);
			path = Pods;
			sourceTree = "<group>";
		};
		F84DC888AFB45191F83B86C1 /* Frameworks */ = {
			isa = PBXGroup;
			children = (
				C4333162D2C1105BCDFBF8AE /* Pods_AEConsoleDemo.framework */,
			);
			name = Frameworks;
			sourceTree = "<group>";
		};
/* End PBXGroup section */

/* Begin PBXNativeTarget section */
		8B01E90E1CAF15230049F98E /* AEConsoleDemo */ = {
			isa = PBXNativeTarget;
			buildConfigurationList = 8B01E9211CAF15230049F98E /* Build configuration list for PBXNativeTarget "AEConsoleDemo" */;
			buildPhases = (
				1495CC7C25C3D1633056ECD3 /* [CP] Check Pods Manifest.lock */,
				8B01E90B1CAF15230049F98E /* Sources */,
				8B01E90C1CAF15230049F98E /* Frameworks */,
				8B01E90D1CAF15230049F98E /* Resources */,
				8B8D77741CAF21AF00171F92 /* Embed Frameworks */,
				AC75E821967C797F26A12799 /* [CP] Embed Pods Frameworks */,
			);
			buildRules = (
			);
			dependencies = (
			);
			name = AEConsoleDemo;
			productName = AEConsoleDemo;
			productReference = 8B01E90F1CAF15230049F98E /* AEConsoleDemo.app */;
			productType = "com.apple.product-type.application";
		};
/* End PBXNativeTarget section */

/* Begin PBXProject section */
		8B01E9071CAF15230049F98E /* Project object */ = {
			isa = PBXProject;
			attributes = {
				LastSwiftUpdateCheck = 0730;
				LastUpgradeCheck = 1100;
				ORGANIZATIONNAME = AE;
				TargetAttributes = {
					8B01E90E1CAF15230049F98E = {
						CreatedOnToolsVersion = 7.3;
						LastSwiftMigration = 0920;
					};
				};
			};
			buildConfigurationList = 8B01E90A1CAF15230049F98E /* Build configuration list for PBXProject "AEConsoleDemo" */;
			compatibilityVersion = "Xcode 3.2";
			developmentRegion = en;
			hasScannedForEncodings = 0;
			knownRegions = (
				en,
				Base,
			);
			mainGroup = 8B01E9061CAF15230049F98E;
			productRefGroup = 8B01E9101CAF15230049F98E /* Products */;
			projectDirPath = "";
			projectRoot = "";
			targets = (
				8B01E90E1CAF15230049F98E /* AEConsoleDemo */,
			);
		};
/* End PBXProject section */

/* Begin PBXResourcesBuildPhase section */
		8B01E90D1CAF15230049F98E /* Resources */ = {
			isa = PBXResourcesBuildPhase;
			buildActionMask = 2147483647;
			files = (
				8B01E91D1CAF15230049F98E /* LaunchScreen.storyboard in Resources */,
				8B01E91A1CAF15230049F98E /* Assets.xcassets in Resources */,
				8B01E9181CAF15230049F98E /* Main.storyboard in Resources */,
			);
			runOnlyForDeploymentPostprocessing = 0;
		};
/* End PBXResourcesBuildPhase section */

/* Begin PBXShellScriptBuildPhase section */
		1495CC7C25C3D1633056ECD3 /* [CP] Check Pods Manifest.lock */ = {
			isa = PBXShellScriptBuildPhase;
			buildActionMask = 2147483647;
			files = (
			);
			inputFileListPaths = (
			);
			inputPaths = (
				"${PODS_PODFILE_DIR_PATH}/Podfile.lock",
				"${PODS_ROOT}/Manifest.lock",
			);
			name = "[CP] Check Pods Manifest.lock";
			outputFileListPaths = (
			);
			outputPaths = (
				"$(DERIVED_FILE_DIR)/Pods-AEConsoleDemo-checkManifestLockResult.txt",
			);
			runOnlyForDeploymentPostprocessing = 0;
			shellPath = /bin/sh;
			shellScript = "diff \"${PODS_PODFILE_DIR_PATH}/Podfile.lock\" \"${PODS_ROOT}/Manifest.lock\" > /dev/null\nif [ $? != 0 ] ; then\n    # print error to STDERR\n    echo \"error: The sandbox is not in sync with the Podfile.lock. Run 'pod install' or update your CocoaPods installation.\" >&2\n    exit 1\nfi\n# This output is used by Xcode 'outputs' to avoid re-running this script phase.\necho \"SUCCESS\" > \"${SCRIPT_OUTPUT_FILE_0}\"\n";
			showEnvVarsInLog = 0;
		};
		AC75E821967C797F26A12799 /* [CP] Embed Pods Frameworks */ = {
			isa = PBXShellScriptBuildPhase;
			buildActionMask = 2147483647;
			files = (
			);
			inputPaths = (
				"${PODS_ROOT}/Target Support Files/Pods-AEConsoleDemo/Pods-AEConsoleDemo-frameworks.sh",
				"${BUILT_PRODUCTS_DIR}/AELog/AELog.framework",
			);
			name = "[CP] Embed Pods Frameworks";
			outputPaths = (
				"${TARGET_BUILD_DIR}/${FRAMEWORKS_FOLDER_PATH}/AELog.framework",
			);
			runOnlyForDeploymentPostprocessing = 0;
			shellPath = /bin/sh;
			shellScript = "\"${PODS_ROOT}/Target Support Files/Pods-AEConsoleDemo/Pods-AEConsoleDemo-frameworks.sh\"\n";
			showEnvVarsInLog = 0;
		};
/* End PBXShellScriptBuildPhase section */

/* Begin PBXSourcesBuildPhase section */
		8B01E90B1CAF15230049F98E /* Sources */ = {
			isa = PBXSourcesBuildPhase;
			buildActionMask = 2147483647;
			files = (
				8B01E9151CAF15230049F98E /* ViewController.swift in Sources */,
				8B01E9131CAF15230049F98E /* AppDelegate.swift in Sources */,
			);
			runOnlyForDeploymentPostprocessing = 0;
		};
/* End PBXSourcesBuildPhase section */

/* Begin PBXVariantGroup section */
		8B01E9161CAF15230049F98E /* Main.storyboard */ = {
			isa = PBXVariantGroup;
			children = (
				8B01E9171CAF15230049F98E /* Base */,
			);
			name = Main.storyboard;
			sourceTree = "<group>";
		};
		8B01E91B1CAF15230049F98E /* LaunchScreen.storyboard */ = {
			isa = PBXVariantGroup;
			children = (
				8B01E91C1CAF15230049F98E /* Base */,
			);
			name = LaunchScreen.storyboard;
			sourceTree = "<group>";
		};
/* End PBXVariantGroup section */

/* Begin XCBuildConfiguration section */
		8B01E91F1CAF15230049F98E /* Debug */ = {
			isa = XCBuildConfiguration;
			buildSettings = {
				ALWAYS_EMBED_SWIFT_STANDARD_LIBRARIES = "$(inherited)";
				ALWAYS_SEARCH_USER_PATHS = NO;
				CLANG_ANALYZER_LOCALIZABILITY_NONLOCALIZED = YES;
				CLANG_ANALYZER_NONNULL = YES;
				CLANG_CXX_LANGUAGE_STANDARD = "gnu++0x";
				CLANG_CXX_LIBRARY = "libc++";
				CLANG_ENABLE_MODULES = YES;
				CLANG_ENABLE_OBJC_ARC = YES;
				CLANG_WARN_BLOCK_CAPTURE_AUTORELEASING = YES;
				CLANG_WARN_BOOL_CONVERSION = YES;
				CLANG_WARN_COMMA = YES;
				CLANG_WARN_CONSTANT_CONVERSION = YES;
				CLANG_WARN_DEPRECATED_OBJC_IMPLEMENTATIONS = YES;
				CLANG_WARN_DIRECT_OBJC_ISA_USAGE = YES_ERROR;
				CLANG_WARN_EMPTY_BODY = YES;
				CLANG_WARN_ENUM_CONVERSION = YES;
				CLANG_WARN_INFINITE_RECURSION = YES;
				CLANG_WARN_INT_CONVERSION = YES;
				CLANG_WARN_NON_LITERAL_NULL_CONVERSION = YES;
				CLANG_WARN_OBJC_IMPLICIT_RETAIN_SELF = YES;
				CLANG_WARN_OBJC_LITERAL_CONVERSION = YES;
				CLANG_WARN_OBJC_ROOT_CLASS = YES_ERROR;
				CLANG_WARN_RANGE_LOOP_ANALYSIS = YES;
				CLANG_WARN_STRICT_PROTOTYPES = YES;
				CLANG_WARN_SUSPICIOUS_MOVE = YES;
				CLANG_WARN_UNREACHABLE_CODE = YES;
				CLANG_WARN__DUPLICATE_METHOD_MATCH = YES;
				"CODE_SIGN_IDENTITY[sdk=iphoneos*]" = "iPhone Developer";
				COPY_PHASE_STRIP = NO;
				DEBUG_INFORMATION_FORMAT = dwarf;
				ENABLE_STRICT_OBJC_MSGSEND = YES;
				ENABLE_TESTABILITY = YES;
				GCC_C_LANGUAGE_STANDARD = gnu99;
				GCC_DYNAMIC_NO_PIC = NO;
				GCC_NO_COMMON_BLOCKS = YES;
				GCC_OPTIMIZATION_LEVEL = 0;
				GCC_PREPROCESSOR_DEFINITIONS = (
					"DEBUG=1",
					"$(inherited)",
				);
				GCC_WARN_64_TO_32_BIT_CONVERSION = YES;
				GCC_WARN_ABOUT_RETURN_TYPE = YES_ERROR;
				GCC_WARN_UNDECLARED_SELECTOR = YES;
				GCC_WARN_UNINITIALIZED_AUTOS = YES_AGGRESSIVE;
				GCC_WARN_UNUSED_FUNCTION = YES;
				GCC_WARN_UNUSED_VARIABLE = YES;
				IPHONEOS_DEPLOYMENT_TARGET = 10.0;
				MTL_ENABLE_DEBUG_INFO = YES;
				ONLY_ACTIVE_ARCH = YES;
				SDKROOT = iphoneos;
				SWIFT_OPTIMIZATION_LEVEL = "-Onone";
				SWIFT_VERSION = 5.0;
				TARGETED_DEVICE_FAMILY = "1,2";
			};
			name = Debug;
		};
		8B01E9201CAF15230049F98E /* Release */ = {
			isa = XCBuildConfiguration;
			buildSettings = {
				ALWAYS_EMBED_SWIFT_STANDARD_LIBRARIES = "$(inherited)";
				ALWAYS_SEARCH_USER_PATHS = NO;
				CLANG_ANALYZER_LOCALIZABILITY_NONLOCALIZED = YES;
				CLANG_ANALYZER_NONNULL = YES;
				CLANG_CXX_LANGUAGE_STANDARD = "gnu++0x";
				CLANG_CXX_LIBRARY = "libc++";
				CLANG_ENABLE_MODULES = YES;
				CLANG_ENABLE_OBJC_ARC = YES;
				CLANG_WARN_BLOCK_CAPTURE_AUTORELEASING = YES;
				CLANG_WARN_BOOL_CONVERSION = YES;
				CLANG_WARN_COMMA = YES;
				CLANG_WARN_CONSTANT_CONVERSION = YES;
				CLANG_WARN_DEPRECATED_OBJC_IMPLEMENTATIONS = YES;
				CLANG_WARN_DIRECT_OBJC_ISA_USAGE = YES_ERROR;
				CLANG_WARN_EMPTY_BODY = YES;
				CLANG_WARN_ENUM_CONVERSION = YES;
				CLANG_WARN_INFINITE_RECURSION = YES;
				CLANG_WARN_INT_CONVERSION = YES;
				CLANG_WARN_NON_LITERAL_NULL_CONVERSION = YES;
				CLANG_WARN_OBJC_IMPLICIT_RETAIN_SELF = YES;
				CLANG_WARN_OBJC_LITERAL_CONVERSION = YES;
				CLANG_WARN_OBJC_ROOT_CLASS = YES_ERROR;
				CLANG_WARN_RANGE_LOOP_ANALYSIS = YES;
				CLANG_WARN_STRICT_PROTOTYPES = YES;
				CLANG_WARN_SUSPICIOUS_MOVE = YES;
				CLANG_WARN_UNREACHABLE_CODE = YES;
				CLANG_WARN__DUPLICATE_METHOD_MATCH = YES;
				"CODE_SIGN_IDENTITY[sdk=iphoneos*]" = "iPhone Developer";
				COPY_PHASE_STRIP = NO;
				DEBUG_INFORMATION_FORMAT = "dwarf-with-dsym";
				ENABLE_NS_ASSERTIONS = NO;
				ENABLE_STRICT_OBJC_MSGSEND = YES;
				GCC_C_LANGUAGE_STANDARD = gnu99;
				GCC_NO_COMMON_BLOCKS = YES;
				GCC_WARN_64_TO_32_BIT_CONVERSION = YES;
				GCC_WARN_ABOUT_RETURN_TYPE = YES_ERROR;
				GCC_WARN_UNDECLARED_SELECTOR = YES;
				GCC_WARN_UNINITIALIZED_AUTOS = YES_AGGRESSIVE;
				GCC_WARN_UNUSED_FUNCTION = YES;
				GCC_WARN_UNUSED_VARIABLE = YES;
				IPHONEOS_DEPLOYMENT_TARGET = 10.0;
				MTL_ENABLE_DEBUG_INFO = NO;
				SDKROOT = iphoneos;
				SWIFT_OPTIMIZATION_LEVEL = "-Owholemodule";
				SWIFT_VERSION = 5.0;
				TARGETED_DEVICE_FAMILY = "1,2";
				VALIDATE_PRODUCT = YES;
			};
			name = Release;
		};
		8B01E9221CAF15230049F98E /* Debug */ = {
			isa = XCBuildConfiguration;
			baseConfigurationReference = B6021A50B5E8EEAD8DF06CA9 /* Pods-AEConsoleDemo.debug.xcconfig */;
			buildSettings = {
				ALWAYS_EMBED_SWIFT_STANDARD_LIBRARIES = "$(inherited)";
				ASSETCATALOG_COMPILER_APPICON_NAME = AppIcon;
				FRAMEWORK_SEARCH_PATHS = (
					"$(inherited)",
					"\"${PODS_CONFIGURATION_BUILD_DIR}/AELog\"/**",
				);
				INFOPLIST_FILE = AEConsoleDemo/Info.plist;
				LD_RUNPATH_SEARCH_PATHS = "$(inherited) @executable_path/Frameworks";
				PRODUCT_BUNDLE_IDENTIFIER = net.tadija.AEConsoleDemo;
				PRODUCT_NAME = "$(TARGET_NAME)";
			};
			name = Debug;
		};
		8B01E9231CAF15230049F98E /* Release */ = {
			isa = XCBuildConfiguration;
			baseConfigurationReference = 0EF645E27F411562D8753BDD /* Pods-AEConsoleDemo.release.xcconfig */;
			buildSettings = {
				ALWAYS_EMBED_SWIFT_STANDARD_LIBRARIES = "$(inherited)";
				ASSETCATALOG_COMPILER_APPICON_NAME = AppIcon;
				FRAMEWORK_SEARCH_PATHS = (
					"$(inherited)",
					"\"${PODS_CONFIGURATION_BUILD_DIR}/AELog\"/**",
				);
				INFOPLIST_FILE = AEConsoleDemo/Info.plist;
				LD_RUNPATH_SEARCH_PATHS = "$(inherited) @executable_path/Frameworks";
				PRODUCT_BUNDLE_IDENTIFIER = net.tadija.AEConsoleDemo;
				PRODUCT_NAME = "$(TARGET_NAME)";
			};
			name = Release;
		};
/* End XCBuildConfiguration section */

/* Begin XCConfigurationList section */
		8B01E90A1CAF15230049F98E /* Build configuration list for PBXProject "AEConsoleDemo" */ = {
			isa = XCConfigurationList;
			buildConfigurations = (
				8B01E91F1CAF15230049F98E /* Debug */,
				8B01E9201CAF15230049F98E /* Release */,
			);
			defaultConfigurationIsVisible = 0;
			defaultConfigurationName = Release;
		};
		8B01E9211CAF15230049F98E /* Build configuration list for PBXNativeTarget "AEConsoleDemo" */ = {
			isa = XCConfigurationList;
			buildConfigurations = (
				8B01E9221CAF15230049F98E /* Debug */,
				8B01E9231CAF15230049F98E /* Release */,
			);
			defaultConfigurationIsVisible = 0;
			defaultConfigurationName = Release;
		};
/* End XCConfigurationList section */
	};
	rootObject = 8B01E9071CAF15230049F98E /* Project object */;
}
