// !$*UTF8*$!
{
	archiveVersion = 1;
	classes = {
	};
	objectVersion = 46;
	objects = {

/* Begin PBXBuildFile section */
		8B01E9131CAF15230049F98E /* AppDelegate.swift in Sources */ = {isa = PBXBuildFile; fileRef = 8B01E9121CAF15230049F98E /* AppDelegate.swift */; };
		8B01E9151CAF15230049F98E /* ViewController.swift in Sources */ = {isa = PBXBuildFile; fileRef = 8B01E9141CAF15230049F98E /* ViewController.swift */; };
		8B01E9181CAF15230049F98E /* Main.storyboard in Resources */ = {isa = PBXBuildFile; fileRef = 8B01E9161CAF15230049F98E /* Main.storyboard */; };
		8B01E91A1CAF15230049F98E /* Assets.xcassets in Resources */ = {isa = PBXBuildFile; fileRef = 8B01E9191CAF15230049F98E /* Assets.xcassets */; };
		8B01E91D1CAF15230049F98E /* LaunchScreen.storyboard in Resources */ = {isa = PBXBuildFile; fileRef = 8B01E91B1CAF15230049F98E /* LaunchScreen.storyboard */; };
		8BE817941CAF342500FCBE4A /* AELog.framework in Frameworks */ = {isa = PBXBuildFile; fileRef = 8BE817861CAF341300FCBE4A /* AELog.framework */; };
		8BE817951CAF342500FCBE4A /* AELog.framework in Embed Frameworks */ = {isa = PBXBuildFile; fileRef = 8BE817861CAF341300FCBE4A /* AELog.framework */; settings = {ATTRIBUTES = (CodeSignOnCopy, RemoveHeadersOnCopy, ); }; };
		8BE817981CAF343200FCBE4A /* AEConsole.framework in Frameworks */ = {isa = PBXBuildFile; fileRef = 8BE817931CAF341C00FCBE4A /* AEConsole.framework */; };
		8BE817991CAF343200FCBE4A /* AEConsole.framework in Embed Frameworks */ = {isa = PBXBuildFile; fileRef = 8BE817931CAF341C00FCBE4A /* AEConsole.framework */; settings = {ATTRIBUTES = (CodeSignOnCopy, RemoveHeadersOnCopy, ); }; };
/* End PBXBuildFile section */

/* Begin PBXContainerItemProxy section */
		8BE817851CAF341300FCBE4A /* PBXContainerItemProxy */ = {
			isa = PBXContainerItemProxy;
			containerPortal = 8BE8177E1CAF341300FCBE4A /* AELog.xcodeproj */;
			proxyType = 2;
			remoteGlobalIDString = 8B5894651CA89F27005F0B9D;
			remoteInfo = "AELog iOS";
		};
		8BE817871CAF341300FCBE4A /* PBXContainerItemProxy */ = {
			isa = PBXContainerItemProxy;
			containerPortal = 8BE8177E1CAF341300FCBE4A /* AELog.xcodeproj */;
			proxyType = 2;
			remoteGlobalIDString = 8B8464CE1CAB492D0027AA52;
			remoteInfo = "AELog OSX";
		};
		8BE817891CAF341300FCBE4A /* PBXContainerItemProxy */ = {
			isa = PBXContainerItemProxy;
			containerPortal = 8BE8177E1CAF341300FCBE4A /* AELog.xcodeproj */;
			proxyType = 2;
			remoteGlobalIDString = 8B8464DE1CAB4B310027AA52;
			remoteInfo = "AELog watchOS";
		};
		8BE8178B1CAF341300FCBE4A /* PBXContainerItemProxy */ = {
			isa = PBXContainerItemProxy;
			containerPortal = 8BE8177E1CAF341300FCBE4A /* AELog.xcodeproj */;
			proxyType = 2;
			remoteGlobalIDString = 8B8464ED1CAB4B870027AA52;
			remoteInfo = "AELog tvOS";
		};
		8BE817921CAF341C00FCBE4A /* PBXContainerItemProxy */ = {
			isa = PBXContainerItemProxy;
			containerPortal = 8BE8178D1CAF341C00FCBE4A /* AEConsole.xcodeproj */;
			proxyType = 2;
			remoteGlobalIDString = 8B5894D01CA9D857005F0B9D;
			remoteInfo = AEConsole;
		};
		8BE817961CAF342500FCBE4A /* PBXContainerItemProxy */ = {
			isa = PBXContainerItemProxy;
			containerPortal = 8BE8177E1CAF341300FCBE4A /* AELog.xcodeproj */;
			proxyType = 1;
			remoteGlobalIDString = 8B5894641CA89F27005F0B9D;
			remoteInfo = "AELog iOS";
		};
		8BE8179A1CAF343200FCBE4A /* PBXContainerItemProxy */ = {
			isa = PBXContainerItemProxy;
			containerPortal = 8BE8178D1CAF341C00FCBE4A /* AEConsole.xcodeproj */;
			proxyType = 1;
			remoteGlobalIDString = 8B5894CF1CA9D857005F0B9D;
			remoteInfo = AEConsole;
		};
		8BFBE77B1DB287C600BB4B05 /* PBXContainerItemProxy */ = {
			isa = PBXContainerItemProxy;
			containerPortal = 8BE8177E1CAF341300FCBE4A /* AELog.xcodeproj */;
			proxyType = 2;
			remoteGlobalIDString = 8B04F5631CB009DD0002F869;
			remoteInfo = "AELog iOS Tests";
		};
		8BFBE77D1DB287C600BB4B05 /* PBXContainerItemProxy */ = {
			isa = PBXContainerItemProxy;
			containerPortal = 8BE8177E1CAF341300FCBE4A /* AELog.xcodeproj */;
			proxyType = 2;
			remoteGlobalIDString = 8B04F5721CB00AA60002F869;
			remoteInfo = "AELog tvOS Tests";
		};
		8BFBE77F1DB287C600BB4B05 /* PBXContainerItemProxy */ = {
			isa = PBXContainerItemProxy;
			containerPortal = 8BE8177E1CAF341300FCBE4A /* AELog.xcodeproj */;
			proxyType = 2;
			remoteGlobalIDString = 8B04F5821CB00B420002F869;
			remoteInfo = "AELog OSX Tests";
		};
/* End PBXContainerItemProxy section */

/* Begin PBXCopyFilesBuildPhase section */
		8B8D77741CAF21AF00171F92 /* Embed Frameworks */ = {
			isa = PBXCopyFilesBuildPhase;
			buildActionMask = 2147483647;
			dstPath = "";
			dstSubfolderSpec = 10;
			files = (
				8BE817991CAF343200FCBE4A /* AEConsole.framework in Embed Frameworks */,
				8BE817951CAF342500FCBE4A /* AELog.framework in Embed Frameworks */,
			);
			name = "Embed Frameworks";
			runOnlyForDeploymentPostprocessing = 0;
		};
/* End PBXCopyFilesBuildPhase section */

/* Begin PBXFileReference section */
		8B01E90F1CAF15230049F98E /* AEConsoleDemo.app */ = {isa = PBXFileReference; explicitFileType = wrapper.application; includeInIndex = 0; path = AEConsoleDemo.app; sourceTree = BUILT_PRODUCTS_DIR; };
		8B01E9121CAF15230049F98E /* AppDelegate.swift */ = {isa = PBXFileReference; lastKnownFileType = sourcecode.swift; path = AppDelegate.swift; sourceTree = "<group>"; };
		8B01E9141CAF15230049F98E /* ViewController.swift */ = {isa = PBXFileReference; lastKnownFileType = sourcecode.swift; path = ViewController.swift; sourceTree = "<group>"; };
		8B01E9171CAF15230049F98E /* Base */ = {isa = PBXFileReference; lastKnownFileType = file.storyboard; name = Base; path = Base.lproj/Main.storyboard; sourceTree = "<group>"; };
		8B01E9191CAF15230049F98E /* Assets.xcassets */ = {isa = PBXFileReference; lastKnownFileType = folder.assetcatalog; path = Assets.xcassets; sourceTree = "<group>"; };
		8B01E91C1CAF15230049F98E /* Base */ = {isa = PBXFileReference; lastKnownFileType = file.storyboard; name = Base; path = Base.lproj/LaunchScreen.storyboard; sourceTree = "<group>"; };
		8B01E91E1CAF15230049F98E /* Info.plist */ = {isa = PBXFileReference; lastKnownFileType = text.plist.xml; path = Info.plist; sourceTree = "<group>"; };
		8BE8177E1CAF341300FCBE4A /* AELog.xcodeproj */ = {isa = PBXFileReference; lastKnownFileType = "wrapper.pb-project"; name = AELog.xcodeproj; path = ../AELog/AELog.xcodeproj; sourceTree = "<group>"; };
		8BE8178D1CAF341C00FCBE4A /* AEConsole.xcodeproj */ = {isa = PBXFileReference; lastKnownFileType = "wrapper.pb-project"; name = AEConsole.xcodeproj; path = ../AEConsole.xcodeproj; sourceTree = "<group>"; };
/* End PBXFileReference section */

/* Begin PBXFrameworksBuildPhase section */
		8B01E90C1CAF15230049F98E /* Frameworks */ = {
			isa = PBXFrameworksBuildPhase;
			buildActionMask = 2147483647;
			files = (
				8BE817981CAF343200FCBE4A /* AEConsole.framework in Frameworks */,
				8BE817941CAF342500FCBE4A /* AELog.framework in Frameworks */,
			);
			runOnlyForDeploymentPostprocessing = 0;
		};
/* End PBXFrameworksBuildPhase section */

/* Begin PBXGroup section */
		8B01E9061CAF15230049F98E = {
			isa = PBXGroup;
			children = (
				8B01E9111CAF15230049F98E /* AEConsoleDemo */,
				8B01E9101CAF15230049F98E /* Products */,
				8BE8177E1CAF341300FCBE4A /* AELog.xcodeproj */,
				8BE8178D1CAF341C00FCBE4A /* AEConsole.xcodeproj */,
			);
			sourceTree = "<group>";
		};
		8B01E9101CAF15230049F98E /* Products */ = {
			isa = PBXGroup;
			children = (
				8B01E90F1CAF15230049F98E /* AEConsoleDemo.app */,
			);
			name = Products;
			sourceTree = "<group>";
		};
		8B01E9111CAF15230049F98E /* AEConsoleDemo */ = {
			isa = PBXGroup;
			children = (
				8B01E9121CAF15230049F98E /* AppDelegate.swift */,
				8B01E9141CAF15230049F98E /* ViewController.swift */,
				8B01E9461CAF18030049F98E /* Supporting FIles */,
			);
			path = AEConsoleDemo;
			sourceTree = "<group>";
		};
		8B01E9461CAF18030049F98E /* Supporting FIles */ = {
			isa = PBXGroup;
			children = (
				8B01E9161CAF15230049F98E /* Main.storyboard */,
				8B01E9191CAF15230049F98E /* Assets.xcassets */,
				8B01E91B1CAF15230049F98E /* LaunchScreen.storyboard */,
				8B01E91E1CAF15230049F98E /* Info.plist */,
			);
			name = "Supporting FIles";
			sourceTree = "<group>";
		};
		8BE8177F1CAF341300FCBE4A /* Products */ = {
			isa = PBXGroup;
			children = (
				8BE817861CAF341300FCBE4A /* AELog.framework */,
				8BE8178A1CAF341300FCBE4A /* AELog.framework */,
				8BFBE77C1DB287C600BB4B05 /* AELog iOS Tests.xctest */,
				8BE8178C1CAF341300FCBE4A /* AELog.framework */,
				8BFBE77E1DB287C600BB4B05 /* AELog tvOS Tests.xctest */,
				8BE817881CAF341300FCBE4A /* AELog.framework */,
				8BFBE7801DB287C600BB4B05 /* AELog OSX Tests.xctest */,
			);
			name = Products;
			sourceTree = "<group>";
		};
		8BE8178E1CAF341C00FCBE4A /* Products */ = {
			isa = PBXGroup;
			children = (
				8BE817931CAF341C00FCBE4A /* AEConsole.framework */,
			);
			name = Products;
			sourceTree = "<group>";
		};
/* End PBXGroup section */

/* Begin PBXNativeTarget section */
		8B01E90E1CAF15230049F98E /* AEConsoleDemo */ = {
			isa = PBXNativeTarget;
			buildConfigurationList = 8B01E9211CAF15230049F98E /* Build configuration list for PBXNativeTarget "AEConsoleDemo" */;
			buildPhases = (
				8B01E90B1CAF15230049F98E /* Sources */,
				8B01E90C1CAF15230049F98E /* Frameworks */,
				8B01E90D1CAF15230049F98E /* Resources */,
				8B8D77741CAF21AF00171F92 /* Embed Frameworks */,
			);
			buildRules = (
			);
			dependencies = (
				8BE817971CAF342500FCBE4A /* PBXTargetDependency */,
				8BE8179B1CAF343200FCBE4A /* PBXTargetDependency */,
			);
			name = AEConsoleDemo;
			productName = AEConsoleDemo;
			productReference = 8B01E90F1CAF15230049F98E /* AEConsoleDemo.app */;
			productType = "com.apple.product-type.application";
		};
/* End PBXNativeTarget section */

/* Begin PBXProject section */
		8B01E9071CAF15230049F98E /* Project object */ = {
			isa = PBXProject;
			attributes = {
				LastSwiftUpdateCheck = 0730;
				LastUpgradeCheck = 0920;
				ORGANIZATIONNAME = AE;
				TargetAttributes = {
					8B01E90E1CAF15230049F98E = {
						CreatedOnToolsVersion = 7.3;
						LastSwiftMigration = 0920;
					};
				};
			};
			buildConfigurationList = 8B01E90A1CAF15230049F98E /* Build configuration list for PBXProject "AEConsoleDemo" */;
			compatibilityVersion = "Xcode 3.2";
			developmentRegion = English;
			hasScannedForEncodings = 0;
			knownRegions = (
				en,
				Base,
			);
			mainGroup = 8B01E9061CAF15230049F98E;
			productRefGroup = 8B01E9101CAF15230049F98E /* Products */;
			projectDirPath = "";
			projectReferences = (
				{
					ProductGroup = 8BE8178E1CAF341C00FCBE4A /* Products */;
					ProjectRef = 8BE8178D1CAF341C00FCBE4A /* AEConsole.xcodeproj */;
				},
				{
					ProductGroup = 8BE8177F1CAF341300FCBE4A /* Products */;
					ProjectRef = 8BE8177E1CAF341300FCBE4A /* AELog.xcodeproj */;
				},
			);
			projectRoot = "";
			targets = (
				8B01E90E1CAF15230049F98E /* AEConsoleDemo */,
			);
		};
/* End PBXProject section */

/* Begin PBXReferenceProxy section */
		8BE817861CAF341300FCBE4A /* AELog.framework */ = {
			isa = PBXReferenceProxy;
			fileType = wrapper.framework;
			path = AELog.framework;
			remoteRef = 8BE817851CAF341300FCBE4A /* PBXContainerItemProxy */;
			sourceTree = BUILT_PRODUCTS_DIR;
		};
		8BE817881CAF341300FCBE4A /* AELog.framework */ = {
			isa = PBXReferenceProxy;
			fileType = wrapper.framework;
			path = AELog.framework;
			remoteRef = 8BE817871CAF341300FCBE4A /* PBXContainerItemProxy */;
			sourceTree = BUILT_PRODUCTS_DIR;
		};
		8BE8178A1CAF341300FCBE4A /* AELog.framework */ = {
			isa = PBXReferenceProxy;
			fileType = wrapper.framework;
			path = AELog.framework;
			remoteRef = 8BE817891CAF341300FCBE4A /* PBXContainerItemProxy */;
			sourceTree = BUILT_PRODUCTS_DIR;
		};
		8BE8178C1CAF341300FCBE4A /* AELog.framework */ = {
			isa = PBXReferenceProxy;
			fileType = wrapper.framework;
			path = AELog.framework;
			remoteRef = 8BE8178B1CAF341300FCBE4A /* PBXContainerItemProxy */;
			sourceTree = BUILT_PRODUCTS_DIR;
		};
		8BE817931CAF341C00FCBE4A /* AEConsole.framework */ = {
			isa = PBXReferenceProxy;
			fileType = wrapper.framework;
			path = AEConsole.framework;
			remoteRef = 8BE817921CAF341C00FCBE4A /* PBXContainerItemProxy */;
			sourceTree = BUILT_PRODUCTS_DIR;
		};
		8BFBE77C1DB287C600BB4B05 /* AELog iOS Tests.xctest */ = {
			isa = PBXReferenceProxy;
			fileType = wrapper.cfbundle;
			path = "AELog iOS Tests.xctest";
			remoteRef = 8BFBE77B1DB287C600BB4B05 /* PBXContainerItemProxy */;
			sourceTree = BUILT_PRODUCTS_DIR;
		};
		8BFBE77E1DB287C600BB4B05 /* AELog tvOS Tests.xctest */ = {
			isa = PBXReferenceProxy;
			fileType = wrapper.cfbundle;
			path = "AELog tvOS Tests.xctest";
			remoteRef = 8BFBE77D1DB287C600BB4B05 /* PBXContainerItemProxy */;
			sourceTree = BUILT_PRODUCTS_DIR;
		};
		8BFBE7801DB287C600BB4B05 /* AELog OSX Tests.xctest */ = {
			isa = PBXReferenceProxy;
			fileType = wrapper.cfbundle;
			path = "AELog OSX Tests.xctest";
			remoteRef = 8BFBE77F1DB287C600BB4B05 /* PBXContainerItemProxy */;
			sourceTree = BUILT_PRODUCTS_DIR;
		};
/* End PBXReferenceProxy section */

/* Begin PBXResourcesBuildPhase section */
		8B01E90D1CAF15230049F98E /* Resources */ = {
			isa = PBXResourcesBuildPhase;
			buildActionMask = 2147483647;
			files = (
				8B01E91D1CAF15230049F98E /* LaunchScreen.storyboard in Resources */,
				8B01E91A1CAF15230049F98E /* Assets.xcassets in Resources */,
				8B01E9181CAF15230049F98E /* Main.storyboard in Resources */,
			);
			runOnlyForDeploymentPostprocessing = 0;
		};
/* End PBXResourcesBuildPhase section */

/* Begin PBXSourcesBuildPhase section */
		8B01E90B1CAF15230049F98E /* Sources */ = {
			isa = PBXSourcesBuildPhase;
			buildActionMask = 2147483647;
			files = (
				8B01E9151CAF15230049F98E /* ViewController.swift in Sources */,
				8B01E9131CAF15230049F98E /* AppDelegate.swift in Sources */,
			);
			runOnlyForDeploymentPostprocessing = 0;
		};
/* End PBXSourcesBuildPhase section */

/* Begin PBXTargetDependency section */
		8BE817971CAF342500FCBE4A /* PBXTargetDependency */ = {
			isa = PBXTargetDependency;
			name = "AELog iOS";
			targetProxy = 8BE817961CAF342500FCBE4A /* PBXContainerItemProxy */;
		};
		8BE8179B1CAF343200FCBE4A /* PBXTargetDependency */ = {
			isa = PBXTargetDependency;
			name = AEConsole;
			targetProxy = 8BE8179A1CAF343200FCBE4A /* PBXContainerItemProxy */;
		};
/* End PBXTargetDependency section */

/* Begin PBXVariantGroup section */
		8B01E9161CAF15230049F98E /* Main.storyboard */ = {
			isa = PBXVariantGroup;
			children = (
				8B01E9171CAF15230049F98E /* Base */,
			);
			name = Main.storyboard;
			sourceTree = "<group>";
		};
		8B01E91B1CAF15230049F98E /* LaunchScreen.storyboard */ = {
			isa = PBXVariantGroup;
			children = (
				8B01E91C1CAF15230049F98E /* Base */,
			);
			name = LaunchScreen.storyboard;
			sourceTree = "<group>";
		};
/* End PBXVariantGroup section */

/* Begin XCBuildConfiguration section */
		8B01E91F1CAF15230049F98E /* Debug */ = {
			isa = XCBuildConfiguration;
			buildSettings = {
				ALWAYS_SEARCH_USER_PATHS = NO;
				CLANG_ANALYZER_NONNULL = YES;
				CLANG_CXX_LANGUAGE_STANDARD = "gnu++0x";
				CLANG_CXX_LIBRARY = "libc++";
				CLANG_ENABLE_MODULES = YES;
				CLANG_ENABLE_OBJC_ARC = YES;
				CLANG_WARN_BLOCK_CAPTURE_AUTORELEASING = YES;
				CLANG_WARN_BOOL_CONVERSION = YES;
				CLANG_WARN_COMMA = YES;
				CLANG_WARN_CONSTANT_CONVERSION = YES;
				CLANG_WARN_DIRECT_OBJC_ISA_USAGE = YES_ERROR;
				CLANG_WARN_EMPTY_BODY = YES;
				CLANG_WARN_ENUM_CONVERSION = YES;
				CLANG_WARN_INFINITE_RECURSION = YES;
				CLANG_WARN_INT_CONVERSION = YES;
				CLANG_WARN_NON_LITERAL_NULL_CONVERSION = YES;
				CLANG_WARN_OBJC_LITERAL_CONVERSION = YES;
				CLANG_WARN_OBJC_ROOT_CLASS = YES_ERROR;
				CLANG_WARN_RANGE_LOOP_ANALYSIS = YES;
				CLANG_WARN_STRICT_PROTOTYPES = YES;
				CLANG_WARN_SUSPICIOUS_MOVE = YES;
				CLANG_WARN_UNREACHABLE_CODE = YES;
				CLANG_WARN__DUPLICATE_METHOD_MATCH = YES;
				"CODE_SIGN_IDENTITY[sdk=iphoneos*]" = "iPhone Developer";
				COPY_PHASE_STRIP = NO;
				DEBUG_INFORMATION_FORMAT = dwarf;
				ENABLE_STRICT_OBJC_MSGSEND = YES;
				ENABLE_TESTABILITY = YES;
				GCC_C_LANGUAGE_STANDARD = gnu99;
				GCC_DYNAMIC_NO_PIC = NO;
				GCC_NO_COMMON_BLOCKS = YES;
				GCC_OPTIMIZATION_LEVEL = 0;
				GCC_PREPROCESSOR_DEFINITIONS = (
					"DEBUG=1",
					"$(inherited)",
				);
				GCC_WARN_64_TO_32_BIT_CONVERSION = YES;
				GCC_WARN_ABOUT_RETURN_TYPE = YES_ERROR;
				GCC_WARN_UNDECLARED_SELECTOR = YES;
				GCC_WARN_UNINITIALIZED_AUTOS = YES_AGGRESSIVE;
				GCC_WARN_UNUSED_FUNCTION = YES;
				GCC_WARN_UNUSED_VARIABLE = YES;
				IPHONEOS_DEPLOYMENT_TARGET = 9.0;
				MTL_ENABLE_DEBUG_INFO = YES;
				ONLY_ACTIVE_ARCH = YES;
				SDKROOT = iphoneos;
				SWIFT_OPTIMIZATION_LEVEL = "-Onone";
				TARGETED_DEVICE_FAMILY = "1,2";
			};
			name = Debug;
		};
		8B01E9201CAF15230049F98E /* Release */ = {
			isa = XCBuildConfiguration;
			buildSettings = {
				ALWAYS_SEARCH_USER_PATHS = NO;
				CLANG_ANALYZER_NONNULL = YES;
				CLANG_CXX_LANGUAGE_STANDARD = "gnu++0x";
				CLANG_CXX_LIBRARY = "libc++";
				CLANG_ENABLE_MODULES = YES;
				CLANG_ENABLE_OBJC_ARC = YES;
				CLANG_WARN_BLOCK_CAPTURE_AUTORELEASING = YES;
				CLANG_WARN_BOOL_CONVERSION = YES;
				CLANG_WARN_COMMA = YES;
				CLANG_WARN_CONSTANT_CONVERSION = YES;
				CLANG_WARN_DIRECT_OBJC_ISA_USAGE = YES_ERROR;
				CLANG_WARN_EMPTY_BODY = YES;
				CLANG_WARN_ENUM_CONVERSION = YES;
				CLANG_WARN_INFINITE_RECURSION = YES;
				CLANG_WARN_INT_CONVERSION = YES;
				CLANG_WARN_NON_LITERAL_NULL_CONVERSION = YES;
				CLANG_WARN_OBJC_LITERAL_CONVERSION = YES;
				CLANG_WARN_OBJC_ROOT_CLASS = YES_ERROR;
				CLANG_WARN_RANGE_LOOP_ANALYSIS = YES;
				CLANG_WARN_STRICT_PROTOTYPES = YES;
				CLANG_WARN_SUSPICIOUS_MOVE = YES;
				CLANG_WARN_UNREACHABLE_CODE = YES;
				CLANG_WARN__DUPLICATE_METHOD_MATCH = YES;
				"CODE_SIGN_IDENTITY[sdk=iphoneos*]" = "iPhone Developer";
				COPY_PHASE_STRIP = NO;
				DEBUG_INFORMATION_FORMAT = "dwarf-with-dsym";
				ENABLE_NS_ASSERTIONS = NO;
				ENABLE_STRICT_OBJC_MSGSEND = YES;
				GCC_C_LANGUAGE_STANDARD = gnu99;
				GCC_NO_COMMON_BLOCKS = YES;
				GCC_WARN_64_TO_32_BIT_CONVERSION = YES;
				GCC_WARN_ABOUT_RETURN_TYPE = YES_ERROR;
				GCC_WARN_UNDECLARED_SELECTOR = YES;
				GCC_WARN_UNINITIALIZED_AUTOS = YES_AGGRESSIVE;
				GCC_WARN_UNUSED_FUNCTION = YES;
				GCC_WARN_UNUSED_VARIABLE = YES;
				IPHONEOS_DEPLOYMENT_TARGET = 9.0;
				MTL_ENABLE_DEBUG_INFO = NO;
				SDKROOT = iphoneos;
				SWIFT_OPTIMIZATION_LEVEL = "-Owholemodule";
				TARGETED_DEVICE_FAMILY = "1,2";
				VALIDATE_PRODUCT = YES;
			};
			name = Release;
		};
		8B01E9221CAF15230049F98E /* Debug */ = {
			isa = XCBuildConfiguration;
			buildSettings = {
				ALWAYS_EMBED_SWIFT_STANDARD_LIBRARIES = YES;
				ASSETCATALOG_COMPILER_APPICON_NAME = AppIcon;
				INFOPLIST_FILE = AEConsoleDemo/Info.plist;
				LD_RUNPATH_SEARCH_PATHS = "$(inherited) @executable_path/Frameworks";
				PRODUCT_BUNDLE_IDENTIFIER = net.tadija.AEConsoleDemo;
				PRODUCT_NAME = "$(TARGET_NAME)";
				SWIFT_VERSION = 4.0;
			};
			name = Debug;
		};
		8B01E9231CAF15230049F98E /* Release */ = {
			isa = XCBuildConfiguration;
			buildSettings = {
				ALWAYS_EMBED_SWIFT_STANDARD_LIBRARIES = YES;
				ASSETCATALOG_COMPILER_APPICON_NAME = AppIcon;
				INFOPLIST_FILE = AEConsoleDemo/Info.plist;
				LD_RUNPATH_SEARCH_PATHS = "$(inherited) @executable_path/Frameworks";
				PRODUCT_BUNDLE_IDENTIFIER = net.tadija.AEConsoleDemo;
				PRODUCT_NAME = "$(TARGET_NAME)";
				SWIFT_VERSION = 4.0;
			};
			name = Release;
		};
/* End XCBuildConfiguration section */

/* Begin XCConfigurationList section */
		8B01E90A1CAF15230049F98E /* Build configuration list for PBXProject "AEConsoleDemo" */ = {
			isa = XCConfigurationList;
			buildConfigurations = (
				8B01E91F1CAF15230049F98E /* Debug */,
				8B01E9201CAF15230049F98E /* Release */,
			);
			defaultConfigurationIsVisible = 0;
			defaultConfigurationName = Release;
		};
		8B01E9211CAF15230049F98E /* Build configuration list for PBXNativeTarget "AEConsoleDemo" */ = {
			isa = XCConfigurationList;
			buildConfigurations = (
				8B01E9221CAF15230049F98E /* Debug */,
				8B01E9231CAF15230049F98E /* Release */,
			);
			defaultConfigurationIsVisible = 0;
			defaultConfigurationName = Release;
		};
/* End XCConfigurationList section */
	};
	rootObject = 8B01E9071CAF15230049F98E /* Project object */;
}
